
Microsoft Visual Studio Solution File, Format Version 12.00
# Visual Studio Version 17
VisualStudioVersion = 17.14.36202.13 d17.14
MinimumVisualStudioVersion = 10.0.40219.1
Project("{FAE04EC0-301F-11D3-BF4B-00C04F79EFBC}") = "WindowzHandles", "WindowzHandles.csproj", "{7754D85D-11EE-4141-B2AB-C4E691C9C2E1}"
EndProject
Global
	GlobalSection(SolutionConfigurationPlatforms) = preSolution
		Debug|Any CPU = Debug|Any CPU
		Release|Any CPU = Release|Any CPU
	EndGlobalSection
	GlobalSection(ProjectConfigurationPlatforms) = postSolution
		{7754D85D-11EE-4141-B2AB-C4E691C9C2E1}.Debug|Any CPU.ActiveCfg = Debug|Any CPU
		{7754D85D-11EE-4141-B2AB-C4E691C9C2E1}.Debug|Any CPU.Build.0 = Debug|Any CPU
		{7754D85D-11EE-4141-B2AB-C4E691C9C2E1}.Release|Any CPU.ActiveCfg = Release|Any CPU
		{7754D85D-11EE-4141-B2AB-C4E691C9C2E1}.Release|Any CPU.Build.0 = Release|Any CPU
	EndGlobalSection
	GlobalSection(SolutionProperties) = preSolution
		HideSolutionNode = FALSE
	EndGlobalSection
	GlobalSection(ExtensibilityGlobals) = postSolution
		SolutionGuid = {7B74A2F2-E697-4104-9FC3-5D31DCA236AB}
	EndGlobalSection
EndGlobal
